
Microsoft Visual Studio Solution File, Format Version 12.00
# Visual Studio Version 17
VisualStudioVersion = 17.0.31903.59
MinimumVisualStudioVersion = 10.0.40219.1
Project("{FAE04EC0-301F-11D3-BF4B-00C04F79EFBC}") = "BlossomiShymae.Smolder", "BlossomiShymae.Smolder\BlossomiShymae.Smolder.csproj", "{DD01428A-8451-4F9C-B12F-0D781DC6FEA2}"
EndProject
Project("{FAE04EC0-301F-11D3-BF4B-00C04F79EFBC}") = "BlossomiShymae.Smolder.Tests", "BlossomiShymae.Smolder.Tests\BlossomiShymae.Smolder.Tests.csproj", "{842BAEDB-C22F-487A-8146-6884EFF16FAF}"
EndProject
Global
	GlobalSection(SolutionConfigurationPlatforms) = preSolution
		Debug|Any CPU = Debug|Any CPU
		Release|Any CPU = Release|Any CPU
	EndGlobalSection
	GlobalSection(SolutionProperties) = preSolution
		HideSolutionNode = FALSE
	EndGlobalSection
	GlobalSection(ProjectConfigurationPlatforms) = postSolution
		{DD01428A-8451-4F9C-B12F-0D781DC6FEA2}.Debug|Any CPU.ActiveCfg = Debug|Any CPU
		{DD01428A-8451-4F9C-B12F-0D781DC6FEA2}.Debug|Any CPU.Build.0 = Debug|Any CPU
		{DD01428A-8451-4F9C-B12F-0D781DC6FEA2}.Release|Any CPU.ActiveCfg = Release|Any CPU
		{DD01428A-8451-4F9C-B12F-0D781DC6FEA2}.Release|Any CPU.Build.0 = Release|Any CPU
		{842BAEDB-C22F-487A-8146-6884EFF16FAF}.Debug|Any CPU.ActiveCfg = Debug|Any CPU
		{842BAEDB-C22F-487A-8146-6884EFF16FAF}.Debug|Any CPU.Build.0 = Debug|Any CPU
		{842BAEDB-C22F-487A-8146-6884EFF16FAF}.Release|Any CPU.ActiveCfg = Release|Any CPU
		{842BAEDB-C22F-487A-8146-6884EFF16FAF}.Release|Any CPU.Build.0 = Release|Any CPU
	EndGlobalSection
EndGlobal
